
Microsoft Visual Studio Solution File, Format Version 12.00
# Visual Studio 15
Project("{FAE04EC0-301F-11D3-BF4B-00C04F79EFBC}") = "fps.Gameplay", "fps.Gameplay.csproj", "{B702D3A8-BBE4-C679-029B-F930EC53F606}"
EndProject
Project("{FAE04EC0-301F-11D3-BF4B-00C04F79EFBC}") = "fps.UI", "fps.UI.csproj", "{B5B1F3B3-BC9A-F7F1-0F44-A80BC9D23151}"
EndProject
Project("{FAE04EC0-301F-11D3-BF4B-00C04F79EFBC}") = "fps.Game", "fps.Game.csproj", "{C46C4AEF-EC23-07AA-C764-53BC31BDDEA6}"
EndProject
Project("{FAE04EC0-301F-11D3-BF4B-00C04F79EFBC}") = "Assembly-CSharp", "Assembly-CSharp.csproj", "{2434CED9-E30D-6F8C-E6D7-B8B37AD201D9}"
EndProject
Project("{FAE04EC0-301F-11D3-BF4B-00C04F79EFBC}") = "Unity.FPS.Tutorials", "Unity.FPS.Tutorials.csproj", "{BA43C561-E571-2614-24BB-D49D0CB2845B}"
EndProject
Project("{FAE04EC0-301F-11D3-BF4B-00C04F79EFBC}") = "NavMeshComponents", "NavMeshComponents.csproj", "{49109ABA-132F-29CD-00D1-B9EEBBBF0DD7}"
EndProject
Project("{FAE04EC0-301F-11D3-BF4B-00C04F79EFBC}") = "fps.AI", "fps.AI.csproj", "{DAF7E746-E6C9-8344-F254-5D9F2F27A0E2}"
EndProject
Project("{FAE04EC0-301F-11D3-BF4B-00C04F79EFBC}") = "Assembly-CSharp-Editor", "Assembly-CSharp-Editor.csproj", "{A4DE81EE-3FD4-9A57-17D8-DF7F26821C50}"
EndProject
Project("{FAE04EC0-301F-11D3-BF4B-00C04F79EFBC}") = "NavMeshComponentsEditor", "NavMeshComponentsEditor.csproj", "{C490729B-E755-75AB-B4BC-1BAB32A000E0}"
EndProject
Project("{FAE04EC0-301F-11D3-BF4B-00C04F79EFBC}") = "Unity.Microgame.Tutorials", "Unity.Microgame.Tutorials.csproj", "{8F4BDFC5-E016-8444-775B-0BAF1F1FECE3}"
EndProject
Project("{FAE04EC0-301F-11D3-BF4B-00C04F79EFBC}") = "fps.Editor", "fps.Editor.csproj", "{32A31D78-C940-672C-1201-960E79A1CD6B}"
EndProject
Global
	GlobalSection(SolutionConfigurationPlatforms) = preSolution
		Debug|Any CPU = Debug|Any CPU
		Release|Any CPU = Release|Any CPU
	EndGlobalSection
	GlobalSection(ProjectConfigurationPlatforms) = postSolution
		{B702D3A8-BBE4-C679-029B-F930EC53F606}.Debug|Any CPU.ActiveCfg = Debug|Any CPU
		{B702D3A8-BBE4-C679-029B-F930EC53F606}.Debug|Any CPU.Build.0 = Debug|Any CPU
		{B702D3A8-BBE4-C679-029B-F930EC53F606}.Release|Any CPU.ActiveCfg = Release|Any CPU
		{B702D3A8-BBE4-C679-029B-F930EC53F606}.Release|Any CPU.Build.0 = Release|Any CPU
		{B5B1F3B3-BC9A-F7F1-0F44-A80BC9D23151}.Debug|Any CPU.ActiveCfg = Debug|Any CPU
		{B5B1F3B3-BC9A-F7F1-0F44-A80BC9D23151}.Debug|Any CPU.Build.0 = Debug|Any CPU
		{B5B1F3B3-BC9A-F7F1-0F44-A80BC9D23151}.Release|Any CPU.ActiveCfg = Release|Any CPU
		{B5B1F3B3-BC9A-F7F1-0F44-A80BC9D23151}.Release|Any CPU.Build.0 = Release|Any CPU
		{C46C4AEF-EC23-07AA-C764-53BC31BDDEA6}.Debug|Any CPU.ActiveCfg = Debug|Any CPU
		{C46C4AEF-EC23-07AA-C764-53BC31BDDEA6}.Debug|Any CPU.Build.0 = Debug|Any CPU
		{C46C4AEF-EC23-07AA-C764-53BC31BDDEA6}.Release|Any CPU.ActiveCfg = Release|Any CPU
		{C46C4AEF-EC23-07AA-C764-53BC31BDDEA6}.Release|Any CPU.Build.0 = Release|Any CPU
		{2434CED9-E30D-6F8C-E6D7-B8B37AD201D9}.Debug|Any CPU.ActiveCfg = Debug|Any CPU
		{2434CED9-E30D-6F8C-E6D7-B8B37AD201D9}.Debug|Any CPU.Build.0 = Debug|Any CPU
		{2434CED9-E30D-6F8C-E6D7-B8B37AD201D9}.Release|Any CPU.ActiveCfg = Release|Any CPU
		{2434CED9-E30D-6F8C-E6D7-B8B37AD201D9}.Release|Any CPU.Build.0 = Release|Any CPU
		{BA43C561-E571-2614-24BB-D49D0CB2845B}.Debug|Any CPU.ActiveCfg = Debug|Any CPU
		{BA43C561-E571-2614-24BB-D49D0CB2845B}.Debug|Any CPU.Build.0 = Debug|Any CPU
		{BA43C561-E571-2614-24BB-D49D0CB2845B}.Release|Any CPU.ActiveCfg = Release|Any CPU
		{BA43C561-E571-2614-24BB-D49D0CB2845B}.Release|Any CPU.Build.0 = Release|Any CPU
		{49109ABA-132F-29CD-00D1-B9EEBBBF0DD7}.Debug|Any CPU.ActiveCfg = Debug|Any CPU
		{49109ABA-132F-29CD-00D1-B9EEBBBF0DD7}.Debug|Any CPU.Build.0 = Debug|Any CPU
		{49109ABA-132F-29CD-00D1-B9EEBBBF0DD7}.Release|Any CPU.ActiveCfg = Release|Any CPU
		{49109ABA-132F-29CD-00D1-B9EEBBBF0DD7}.Release|Any CPU.Build.0 = Release|Any CPU
		{DAF7E746-E6C9-8344-F254-5D9F2F27A0E2}.Debug|Any CPU.ActiveCfg = Debug|Any CPU
		{DAF7E746-E6C9-8344-F254-5D9F2F27A0E2}.Debug|Any CPU.Build.0 = Debug|Any CPU
		{DAF7E746-E6C9-8344-F254-5D9F2F27A0E2}.Release|Any CPU.ActiveCfg = Release|Any CPU
		{DAF7E746-E6C9-8344-F254-5D9F2F27A0E2}.Release|Any CPU.Build.0 = Release|Any CPU
		{A4DE81EE-3FD4-9A57-17D8-DF7F26821C50}.Debug|Any CPU.ActiveCfg = Debug|Any CPU
		{A4DE81EE-3FD4-9A57-17D8-DF7F26821C50}.Debug|Any CPU.Build.0 = Debug|Any CPU
		{A4DE81EE-3FD4-9A57-17D8-DF7F26821C50}.Release|Any CPU.ActiveCfg = Release|Any CPU
		{A4DE81EE-3FD4-9A57-17D8-DF7F26821C50}.Release|Any CPU.Build.0 = Release|Any CPU
		{C490729B-E755-75AB-B4BC-1BAB32A000E0}.Debug|Any CPU.ActiveCfg = Debug|Any CPU
		{C490729B-E755-75AB-B4BC-1BAB32A000E0}.Debug|Any CPU.Build.0 = Debug|Any CPU
		{C490729B-E755-75AB-B4BC-1BAB32A000E0}.Release|Any CPU.ActiveCfg = Release|Any CPU
		{C490729B-E755-75AB-B4BC-1BAB32A000E0}.Release|Any CPU.Build.0 = Release|Any CPU
		{8F4BDFC5-E016-8444-775B-0BAF1F1FECE3}.Debug|Any CPU.ActiveCfg = Debug|Any CPU
		{8F4BDFC5-E016-8444-775B-0BAF1F1FECE3}.Debug|Any CPU.Build.0 = Debug|Any CPU
		{8F4BDFC5-E016-8444-775B-0BAF1F1FECE3}.Release|Any CPU.ActiveCfg = Release|Any CPU
		{8F4BDFC5-E016-8444-775B-0BAF1F1FECE3}.Release|Any CPU.Build.0 = Release|Any CPU
		{32A31D78-C940-672C-1201-960E79A1CD6B}.Debug|Any CPU.ActiveCfg = Debug|Any CPU
		{32A31D78-C940-672C-1201-960E79A1CD6B}.Debug|Any CPU.Build.0 = Debug|Any CPU
		{32A31D78-C940-672C-1201-960E79A1CD6B}.Release|Any CPU.ActiveCfg = Release|Any CPU
		{32A31D78-C940-672C-1201-960E79A1CD6B}.Release|Any CPU.Build.0 = Release|Any CPU
	EndGlobalSection
	GlobalSection(SolutionProperties) = preSolution
		HideSolutionNode = FALSE
	EndGlobalSection
EndGlobal
